
Microsoft Visual Studio Solution File, Format Version 12.00
# Visual Studio Version 16
VisualStudioVersion = 16.0.31624.102
MinimumVisualStudioVersion = 10.0.40219.1
Project("{FAE04EC0-301F-11D3-BF4B-00C04F79EFBC}") = "HomeTask7.4", "HomeTask7.4\HomeTask7.4.csproj", "{032A4A8D-CC25-4C21-8488-31A1AF880290}"
EndProject
Global
	GlobalSection(SolutionConfigurationPlatforms) = preSolution
		Debug|Any CPU = Debug|Any CPU
		Release|Any CPU = Release|Any CPU
	EndGlobalSection
	GlobalSection(ProjectConfigurationPlatforms) = postSolution
		{032A4A8D-CC25-4C21-8488-31A1AF880290}.Debug|Any CPU.ActiveCfg = Debug|Any CPU
		{032A4A8D-CC25-4C21-8488-31A1AF880290}.Debug|Any CPU.Build.0 = Debug|Any CPU
		{032A4A8D-CC25-4C21-8488-31A1AF880290}.Release|Any CPU.ActiveCfg = Release|Any CPU
		{032A4A8D-CC25-4C21-8488-31A1AF880290}.Release|Any CPU.Build.0 = Release|Any CPU
	EndGlobalSection
	GlobalSection(SolutionProperties) = preSolution
		HideSolutionNode = FALSE
	EndGlobalSection
	GlobalSection(ExtensibilityGlobals) = postSolution
		SolutionGuid = {02241CE1-73F8-47D2-BD43-CECE4F0B7436}
	EndGlobalSection
EndGlobal
