
Microsoft Visual Studio Solution File, Format Version 12.00
# Visual Studio Version 16
VisualStudioVersion = 16.0.31624.102
MinimumVisualStudioVersion = 10.0.40219.1
Project("{FAE04EC0-301F-11D3-BF4B-00C04F79EFBC}") = "HomeTask6-1", "HomeTask6-1\HomeTask6-1.csproj", "{4021E061-1C4D-4B75-AA3E-EF2AE2FC7067}"
EndProject
Global
	GlobalSection(SolutionConfigurationPlatforms) = preSolution
		Debug|Any CPU = Debug|Any CPU
		Release|Any CPU = Release|Any CPU
	EndGlobalSection
	GlobalSection(ProjectConfigurationPlatforms) = postSolution
		{4021E061-1C4D-4B75-AA3E-EF2AE2FC7067}.Debug|Any CPU.ActiveCfg = Debug|Any CPU
		{4021E061-1C4D-4B75-AA3E-EF2AE2FC7067}.Debug|Any CPU.Build.0 = Debug|Any CPU
		{4021E061-1C4D-4B75-AA3E-EF2AE2FC7067}.Release|Any CPU.ActiveCfg = Release|Any CPU
		{4021E061-1C4D-4B75-AA3E-EF2AE2FC7067}.Release|Any CPU.Build.0 = Release|Any CPU
	EndGlobalSection
	GlobalSection(SolutionProperties) = preSolution
		HideSolutionNode = FALSE
	EndGlobalSection
	GlobalSection(ExtensibilityGlobals) = postSolution
		SolutionGuid = {69C6CA08-69FB-4C1D-B416-17C7D1578D1E}
	EndGlobalSection
EndGlobal
