
Microsoft Visual Studio Solution File, Format Version 12.00
# Visual Studio Version 16
VisualStudioVersion = 16.0.31624.102
MinimumVisualStudioVersion = 10.0.40219.1
Project("{FAE04EC0-301F-11D3-BF4B-00C04F79EFBC}") = "HomeTask6.3", "HomeTask6.3\HomeTask6.3.csproj", "{B3910940-5A56-4FD4-8CB2-6D2E6AC0F277}"
EndProject
Global
	GlobalSection(SolutionConfigurationPlatforms) = preSolution
		Debug|Any CPU = Debug|Any CPU
		Release|Any CPU = Release|Any CPU
	EndGlobalSection
	GlobalSection(ProjectConfigurationPlatforms) = postSolution
		{B3910940-5A56-4FD4-8CB2-6D2E6AC0F277}.Debug|Any CPU.ActiveCfg = Debug|Any CPU
		{B3910940-5A56-4FD4-8CB2-6D2E6AC0F277}.Debug|Any CPU.Build.0 = Debug|Any CPU
		{B3910940-5A56-4FD4-8CB2-6D2E6AC0F277}.Release|Any CPU.ActiveCfg = Release|Any CPU
		{B3910940-5A56-4FD4-8CB2-6D2E6AC0F277}.Release|Any CPU.Build.0 = Release|Any CPU
	EndGlobalSection
	GlobalSection(SolutionProperties) = preSolution
		HideSolutionNode = FALSE
	EndGlobalSection
	GlobalSection(ExtensibilityGlobals) = postSolution
		SolutionGuid = {FB17C0E7-4899-4FF9-8A06-730A3DEA3B9F}
	EndGlobalSection
EndGlobal
