
Microsoft Visual Studio Solution File, Format Version 12.00
# Visual Studio Version 17
VisualStudioVersion = 17.3.32901.215
MinimumVisualStudioVersion = 10.0.40219.1
Project("{F184B08F-C81C-45F6-A57F-5ABD9991F28F}") = "Time_MuginovRinat", "Time_MuginovRinat.vbproj", "{10B7DC10-1B49-43F7-983C-D4BC39615ECB}"
EndProject
Global
	GlobalSection(SolutionConfigurationPlatforms) = preSolution
		Debug|Any CPU = Debug|Any CPU
		Release|Any CPU = Release|Any CPU
	EndGlobalSection
	GlobalSection(ProjectConfigurationPlatforms) = postSolution
		{10B7DC10-1B49-43F7-983C-D4BC39615ECB}.Debug|Any CPU.ActiveCfg = Debug|Any CPU
		{10B7DC10-1B49-43F7-983C-D4BC39615ECB}.Debug|Any CPU.Build.0 = Debug|Any CPU
		{10B7DC10-1B49-43F7-983C-D4BC39615ECB}.Release|Any CPU.ActiveCfg = Release|Any CPU
		{10B7DC10-1B49-43F7-983C-D4BC39615ECB}.Release|Any CPU.Build.0 = Release|Any CPU
	EndGlobalSection
	GlobalSection(SolutionProperties) = preSolution
		HideSolutionNode = FALSE
	EndGlobalSection
	GlobalSection(ExtensibilityGlobals) = postSolution
		SolutionGuid = {3E687675-8AA3-4AFD-B007-ABA4F7595D33}
	EndGlobalSection
EndGlobal
