
Microsoft Visual Studio Solution File, Format Version 12.00
# Visual Studio Version 16
VisualStudioVersion = 16.0.31624.102
MinimumVisualStudioVersion = 10.0.40219.1
Project("{9A19103F-16F7-4668-BE54-9A1E7A4F7556}") = "homework11", "homework11\homework11.csproj", "{28F71A29-4C2B-4315-8F62-45F7E68FC3C7}"
EndProject
Project("{FAE04EC0-301F-11D3-BF4B-00C04F79EFBC}") = "OrderTest", "OrderTest\OrderTest.csproj", "{B2469BD7-19C7-4C94-A9B1-8998CE30993B}"
EndProject
Global
	GlobalSection(SolutionConfigurationPlatforms) = preSolution
		Debug|Any CPU = Debug|Any CPU
		Release|Any CPU = Release|Any CPU
	EndGlobalSection
	GlobalSection(ProjectConfigurationPlatforms) = postSolution
		{28F71A29-4C2B-4315-8F62-45F7E68FC3C7}.Debug|Any CPU.ActiveCfg = Debug|Any CPU
		{28F71A29-4C2B-4315-8F62-45F7E68FC3C7}.Debug|Any CPU.Build.0 = Debug|Any CPU
		{28F71A29-4C2B-4315-8F62-45F7E68FC3C7}.Release|Any CPU.ActiveCfg = Release|Any CPU
		{28F71A29-4C2B-4315-8F62-45F7E68FC3C7}.Release|Any CPU.Build.0 = Release|Any CPU
		{B2469BD7-19C7-4C94-A9B1-8998CE30993B}.Debug|Any CPU.ActiveCfg = Debug|Any CPU
		{B2469BD7-19C7-4C94-A9B1-8998CE30993B}.Debug|Any CPU.Build.0 = Debug|Any CPU
		{B2469BD7-19C7-4C94-A9B1-8998CE30993B}.Release|Any CPU.ActiveCfg = Release|Any CPU
		{B2469BD7-19C7-4C94-A9B1-8998CE30993B}.Release|Any CPU.Build.0 = Release|Any CPU
	EndGlobalSection
	GlobalSection(SolutionProperties) = preSolution
		HideSolutionNode = FALSE
	EndGlobalSection
	GlobalSection(ExtensibilityGlobals) = postSolution
		SolutionGuid = {ED8154CD-4777-4C27-BCDD-051B18B692F9}
	EndGlobalSection
EndGlobal
